
Microsoft Visual Studio Solution File, Format Version 12.00
# Visual Studio Version 17
VisualStudioVersion = 17.0.31710.8
MinimumVisualStudioVersion = 10.0.40219.1
Project("{FAE04EC0-301F-11D3-BF4B-00C04F79EFBC}") = "GlobalizationSSR.Net5.Server", "GlobalizationSSR.Net5\Server\GlobalizationSSR.Net5.Server.csproj", "{59011A54-5EB5-4A1D-A362-365A43CFE29C}"
EndProject
Project("{FAE04EC0-301F-11D3-BF4B-00C04F79EFBC}") = "GlobalizationSSR.Net5.Client", "GlobalizationSSR.Net5\Client\GlobalizationSSR.Net5.Client.csproj", "{5649BF36-8BF4-4669-BF72-B1CDF96434E4}"
EndProject
Project("{FAE04EC0-301F-11D3-BF4B-00C04F79EFBC}") = "GlobalizationSSR.Net5.Shared", "GlobalizationSSR.Net5\Shared\GlobalizationSSR.Net5.Shared.csproj", "{0413253B-B718-4D0A-AF0A-27A3BE3D3B2E}"
EndProject
Global
	GlobalSection(SolutionConfigurationPlatforms) = preSolution
		Debug|Any CPU = Debug|Any CPU
		Release|Any CPU = Release|Any CPU
	EndGlobalSection
	GlobalSection(ProjectConfigurationPlatforms) = postSolution
		{59011A54-5EB5-4A1D-A362-365A43CFE29C}.Debug|Any CPU.ActiveCfg = Debug|Any CPU
		{59011A54-5EB5-4A1D-A362-365A43CFE29C}.Debug|Any CPU.Build.0 = Debug|Any CPU
		{59011A54-5EB5-4A1D-A362-365A43CFE29C}.Release|Any CPU.ActiveCfg = Release|Any CPU
		{59011A54-5EB5-4A1D-A362-365A43CFE29C}.Release|Any CPU.Build.0 = Release|Any CPU
		{5649BF36-8BF4-4669-BF72-B1CDF96434E4}.Debug|Any CPU.ActiveCfg = Debug|Any CPU
		{5649BF36-8BF4-4669-BF72-B1CDF96434E4}.Debug|Any CPU.Build.0 = Debug|Any CPU
		{5649BF36-8BF4-4669-BF72-B1CDF96434E4}.Release|Any CPU.ActiveCfg = Release|Any CPU
		{5649BF36-8BF4-4669-BF72-B1CDF96434E4}.Release|Any CPU.Build.0 = Release|Any CPU
		{0413253B-B718-4D0A-AF0A-27A3BE3D3B2E}.Debug|Any CPU.ActiveCfg = Debug|Any CPU
		{0413253B-B718-4D0A-AF0A-27A3BE3D3B2E}.Debug|Any CPU.Build.0 = Debug|Any CPU
		{0413253B-B718-4D0A-AF0A-27A3BE3D3B2E}.Release|Any CPU.ActiveCfg = Release|Any CPU
		{0413253B-B718-4D0A-AF0A-27A3BE3D3B2E}.Release|Any CPU.Build.0 = Release|Any CPU
	EndGlobalSection
	GlobalSection(SolutionProperties) = preSolution
		HideSolutionNode = FALSE
	EndGlobalSection
	GlobalSection(ExtensibilityGlobals) = postSolution
		SolutionGuid = {81298456-C7AB-4303-9FAF-7A9757F4B402}
	EndGlobalSection
EndGlobal
